
Microsoft Visual Studio Solution File, Format Version 12.00
# Visual Studio Version 17
VisualStudioVersion = 17.10.34928.147
MinimumVisualStudioVersion = 10.0.40219.1
Project("{FAE04EC0-301F-11D3-BF4B-00C04F79EFBC}") = "HahnCargoTransportation", "HahnCargoTransportation\HahnCargoTransportation.csproj", "{B3084562-81EE-44F5-9FB7-9607BDB17485}"
EndProject
Global
	GlobalSection(SolutionConfigurationPlatforms) = preSolution
		Debug|Any CPU = Debug|Any CPU
		Release|Any CPU = Release|Any CPU
	EndGlobalSection
	GlobalSection(ProjectConfigurationPlatforms) = postSolution
		{B3084562-81EE-44F5-9FB7-9607BDB17485}.Debug|Any CPU.ActiveCfg = Debug|Any CPU
		{B3084562-81EE-44F5-9FB7-9607BDB17485}.Debug|Any CPU.Build.0 = Debug|Any CPU
		{B3084562-81EE-44F5-9FB7-9607BDB17485}.Release|Any CPU.ActiveCfg = Release|Any CPU
		{B3084562-81EE-44F5-9FB7-9607BDB17485}.Release|Any CPU.Build.0 = Release|Any CPU
	EndGlobalSection
	GlobalSection(SolutionProperties) = preSolution
		HideSolutionNode = FALSE
	EndGlobalSection
	GlobalSection(ExtensibilityGlobals) = postSolution
		SolutionGuid = {FE50551C-CD6E-48FB-97C4-142A718A4CF4}
	EndGlobalSection
EndGlobal
